
Microsoft Visual Studio Solution File, Format Version 12.00
# Visual Studio Version 17
VisualStudioVersion = 17.10.35013.160
MinimumVisualStudioVersion = 10.0.40219.1
Project("{FAE04EC0-301F-11D3-BF4B-00C04F79EFBC}") = "LosPollos.API", "LosPollos.API\LosPollos.API.csproj", "{5CABC2E4-3724-45E2-8074-9898C410E7C2}"
EndProject
Project("{FAE04EC0-301F-11D3-BF4B-00C04F79EFBC}") = "LosPollos.Domain", "LosPollos.Domain\LosPollos.Domain.csproj", "{18F90DF3-C84F-4EFE-AAA9-7C759F2FF1C7}"
EndProject
Project("{FAE04EC0-301F-11D3-BF4B-00C04F79EFBC}") = "LosPollos.Application", "LosPollos.Application\LosPollos.Application.csproj", "{15DF8F60-30E5-4A60-9B5A-8DCC7ABD031E}"
EndProject
Project("{FAE04EC0-301F-11D3-BF4B-00C04F79EFBC}") = "LosPollos.Infrastrctrue", "LosPollos.Infrastrctrue\LosPollos.Infrastrctrue.csproj", "{B2CB1E28-C8C8-4199-AFE7-6EF8CE3C1F6B}"
EndProject
Global
	GlobalSection(SolutionConfigurationPlatforms) = preSolution
		Debug|Any CPU = Debug|Any CPU
		Release|Any CPU = Release|Any CPU
	EndGlobalSection
	GlobalSection(ProjectConfigurationPlatforms) = postSolution
		{5CABC2E4-3724-45E2-8074-9898C410E7C2}.Debug|Any CPU.ActiveCfg = Debug|Any CPU
		{5CABC2E4-3724-45E2-8074-9898C410E7C2}.Debug|Any CPU.Build.0 = Debug|Any CPU
		{5CABC2E4-3724-45E2-8074-9898C410E7C2}.Release|Any CPU.ActiveCfg = Release|Any CPU
		{5CABC2E4-3724-45E2-8074-9898C410E7C2}.Release|Any CPU.Build.0 = Release|Any CPU
		{18F90DF3-C84F-4EFE-AAA9-7C759F2FF1C7}.Debug|Any CPU.ActiveCfg = Debug|Any CPU
		{18F90DF3-C84F-4EFE-AAA9-7C759F2FF1C7}.Debug|Any CPU.Build.0 = Debug|Any CPU
		{18F90DF3-C84F-4EFE-AAA9-7C759F2FF1C7}.Release|Any CPU.ActiveCfg = Release|Any CPU
		{18F90DF3-C84F-4EFE-AAA9-7C759F2FF1C7}.Release|Any CPU.Build.0 = Release|Any CPU
		{15DF8F60-30E5-4A60-9B5A-8DCC7ABD031E}.Debug|Any CPU.ActiveCfg = Debug|Any CPU
		{15DF8F60-30E5-4A60-9B5A-8DCC7ABD031E}.Debug|Any CPU.Build.0 = Debug|Any CPU
		{15DF8F60-30E5-4A60-9B5A-8DCC7ABD031E}.Release|Any CPU.ActiveCfg = Release|Any CPU
		{15DF8F60-30E5-4A60-9B5A-8DCC7ABD031E}.Release|Any CPU.Build.0 = Release|Any CPU
		{B2CB1E28-C8C8-4199-AFE7-6EF8CE3C1F6B}.Debug|Any CPU.ActiveCfg = Debug|Any CPU
		{B2CB1E28-C8C8-4199-AFE7-6EF8CE3C1F6B}.Debug|Any CPU.Build.0 = Debug|Any CPU
		{B2CB1E28-C8C8-4199-AFE7-6EF8CE3C1F6B}.Release|Any CPU.ActiveCfg = Release|Any CPU
		{B2CB1E28-C8C8-4199-AFE7-6EF8CE3C1F6B}.Release|Any CPU.Build.0 = Release|Any CPU
	EndGlobalSection
	GlobalSection(SolutionProperties) = preSolution
		HideSolutionNode = FALSE
	EndGlobalSection
	GlobalSection(ExtensibilityGlobals) = postSolution
		SolutionGuid = {24689CF9-0D65-460E-AB6A-720DA1CE06B1}
	EndGlobalSection
EndGlobal
