
Microsoft Visual Studio Solution File, Format Version 12.00
# Visual Studio Version 17
VisualStudioVersion = 17.10.35013.160
MinimumVisualStudioVersion = 10.0.40219.1
Project("{9A19103F-16F7-4668-BE54-9A1E7A4F7556}") = "LosPollos.API", "LosPollos.API\LosPollos.API.csproj", "{5CABC2E4-3724-45E2-8074-9898C410E7C2}"
EndProject
Project("{9A19103F-16F7-4668-BE54-9A1E7A4F7556}") = "LosPollos.Domain", "LosPollos.Domain\LosPollos.Domain.csproj", "{18F90DF3-C84F-4EFE-AAA9-7C759F2FF1C7}"
EndProject
Project("{9A19103F-16F7-4668-BE54-9A1E7A4F7556}") = "LosPollos.Application", "LosPollos.Application\LosPollos.Application.csproj", "{15DF8F60-30E5-4A60-9B5A-8DCC7ABD031E}"
EndProject
Project("{9A19103F-16F7-4668-BE54-9A1E7A4F7556}") = "LosPollos.Infrastructrue", "LosPollos.Infrastrctrue\LosPollos.Infrastructrue.csproj", "{B2CB1E28-C8C8-4199-AFE7-6EF8CE3C1F6B}"
EndProject
Project("{FAE04EC0-301F-11D3-BF4B-00C04F79EFBC}") = "LosPollos.ApplicationTests", "LosPollos.ApplicationTests\LosPollos.ApplicationTests.csproj", "{F805EF90-066E-4A60-BCFC-63FB998DAF28}"
EndProject
Project("{FAE04EC0-301F-11D3-BF4B-00C04F79EFBC}") = "LosPollos.InfrastructrueTests", "LosPollos.InfrastructrueTests\LosPollos.InfrastructrueTests.csproj", "{5D4A6F37-FD79-4E93-9DE4-40980B1BD7FE}"
EndProject
Project("{FAE04EC0-301F-11D3-BF4B-00C04F79EFBC}") = "LosPollos.APITests", "LosPollos.APITests\LosPollos.APITests.csproj", "{974C4ED6-4E43-4FE5-B2E4-A9B4D9221D23}"
EndProject
Project("{2150E333-8FDC-42A3-9474-1A3956D46DE8}") = "Tests", "Tests", "{02EA681E-C7D8-13C7-8484-4AC65E1B71E8}"
EndProject
Project("{2150E333-8FDC-42A3-9474-1A3956D46DE8}") = "Src", "Src", "{1C7A3C53-7C05-47C7-B83A-4EB8BB0AA592}"
EndProject
Global
	GlobalSection(SolutionConfigurationPlatforms) = preSolution
		Debug|Any CPU = Debug|Any CPU
		Release|Any CPU = Release|Any CPU
	EndGlobalSection
	GlobalSection(ProjectConfigurationPlatforms) = postSolution
		{5CABC2E4-3724-45E2-8074-9898C410E7C2}.Debug|Any CPU.ActiveCfg = Debug|Any CPU
		{5CABC2E4-3724-45E2-8074-9898C410E7C2}.Debug|Any CPU.Build.0 = Debug|Any CPU
		{5CABC2E4-3724-45E2-8074-9898C410E7C2}.Release|Any CPU.ActiveCfg = Release|Any CPU
		{5CABC2E4-3724-45E2-8074-9898C410E7C2}.Release|Any CPU.Build.0 = Release|Any CPU
		{18F90DF3-C84F-4EFE-AAA9-7C759F2FF1C7}.Debug|Any CPU.ActiveCfg = Debug|Any CPU
		{18F90DF3-C84F-4EFE-AAA9-7C759F2FF1C7}.Debug|Any CPU.Build.0 = Debug|Any CPU
		{18F90DF3-C84F-4EFE-AAA9-7C759F2FF1C7}.Release|Any CPU.ActiveCfg = Release|Any CPU
		{18F90DF3-C84F-4EFE-AAA9-7C759F2FF1C7}.Release|Any CPU.Build.0 = Release|Any CPU
		{15DF8F60-30E5-4A60-9B5A-8DCC7ABD031E}.Debug|Any CPU.ActiveCfg = Debug|Any CPU
		{15DF8F60-30E5-4A60-9B5A-8DCC7ABD031E}.Debug|Any CPU.Build.0 = Debug|Any CPU
		{15DF8F60-30E5-4A60-9B5A-8DCC7ABD031E}.Release|Any CPU.ActiveCfg = Release|Any CPU
		{15DF8F60-30E5-4A60-9B5A-8DCC7ABD031E}.Release|Any CPU.Build.0 = Release|Any CPU
		{B2CB1E28-C8C8-4199-AFE7-6EF8CE3C1F6B}.Debug|Any CPU.ActiveCfg = Debug|Any CPU
		{B2CB1E28-C8C8-4199-AFE7-6EF8CE3C1F6B}.Debug|Any CPU.Build.0 = Debug|Any CPU
		{B2CB1E28-C8C8-4199-AFE7-6EF8CE3C1F6B}.Release|Any CPU.ActiveCfg = Release|Any CPU
		{B2CB1E28-C8C8-4199-AFE7-6EF8CE3C1F6B}.Release|Any CPU.Build.0 = Release|Any CPU
		{F805EF90-066E-4A60-BCFC-63FB998DAF28}.Debug|Any CPU.ActiveCfg = Debug|Any CPU
		{F805EF90-066E-4A60-BCFC-63FB998DAF28}.Debug|Any CPU.Build.0 = Debug|Any CPU
		{F805EF90-066E-4A60-BCFC-63FB998DAF28}.Release|Any CPU.ActiveCfg = Release|Any CPU
		{F805EF90-066E-4A60-BCFC-63FB998DAF28}.Release|Any CPU.Build.0 = Release|Any CPU
		{5D4A6F37-FD79-4E93-9DE4-40980B1BD7FE}.Debug|Any CPU.ActiveCfg = Debug|Any CPU
		{5D4A6F37-FD79-4E93-9DE4-40980B1BD7FE}.Debug|Any CPU.Build.0 = Debug|Any CPU
		{5D4A6F37-FD79-4E93-9DE4-40980B1BD7FE}.Release|Any CPU.ActiveCfg = Release|Any CPU
		{5D4A6F37-FD79-4E93-9DE4-40980B1BD7FE}.Release|Any CPU.Build.0 = Release|Any CPU
		{974C4ED6-4E43-4FE5-B2E4-A9B4D9221D23}.Debug|Any CPU.ActiveCfg = Debug|Any CPU
		{974C4ED6-4E43-4FE5-B2E4-A9B4D9221D23}.Debug|Any CPU.Build.0 = Debug|Any CPU
		{974C4ED6-4E43-4FE5-B2E4-A9B4D9221D23}.Release|Any CPU.ActiveCfg = Release|Any CPU
		{974C4ED6-4E43-4FE5-B2E4-A9B4D9221D23}.Release|Any CPU.Build.0 = Release|Any CPU
	EndGlobalSection
	GlobalSection(SolutionProperties) = preSolution
		HideSolutionNode = FALSE
	EndGlobalSection
	GlobalSection(NestedProjects) = preSolution
		{5CABC2E4-3724-45E2-8074-9898C410E7C2} = {1C7A3C53-7C05-47C7-B83A-4EB8BB0AA592}
		{18F90DF3-C84F-4EFE-AAA9-7C759F2FF1C7} = {1C7A3C53-7C05-47C7-B83A-4EB8BB0AA592}
		{15DF8F60-30E5-4A60-9B5A-8DCC7ABD031E} = {1C7A3C53-7C05-47C7-B83A-4EB8BB0AA592}
		{B2CB1E28-C8C8-4199-AFE7-6EF8CE3C1F6B} = {1C7A3C53-7C05-47C7-B83A-4EB8BB0AA592}
		{F805EF90-066E-4A60-BCFC-63FB998DAF28} = {02EA681E-C7D8-13C7-8484-4AC65E1B71E8}
		{5D4A6F37-FD79-4E93-9DE4-40980B1BD7FE} = {02EA681E-C7D8-13C7-8484-4AC65E1B71E8}
		{974C4ED6-4E43-4FE5-B2E4-A9B4D9221D23} = {02EA681E-C7D8-13C7-8484-4AC65E1B71E8}
	EndGlobalSection
	GlobalSection(ExtensibilityGlobals) = postSolution
		SolutionGuid = {24689CF9-0D65-460E-AB6A-720DA1CE06B1}
	EndGlobalSection
EndGlobal
